// !$*UTF8*$!
{
	archiveVersion = 1;
	classes = {
	};
	objectVersion = 46;
	objects = {

/* Begin PBXBuildFile section */
		1B36D0F01C697EE60011D23D /* main.m in Sources */ = {isa = PBXBuildFile; fileRef = 1B36D0EF1C697EE60011D23D /* main.m */; };
		1B36D0F31C697EE60011D23D /* AppDelegate.m in Sources */ = {isa = PBXBuildFile; fileRef = 1B36D0F21C697EE60011D23D /* AppDelegate.m */; };
		1B36D0F61C697EE60011D23D /* MasterViewController.m in Sources */ = {isa = PBXBuildFile; fileRef = 1B36D0F51C697EE60011D23D /* MasterViewController.m */; };
		1B36D0F91C697EE60011D23D /* DetailViewController.m in Sources */ = {isa = PBXBuildFile; fileRef = 1B36D0F81C697EE60011D23D /* DetailViewController.m */; };
		1B36D0FC1C697EE60011D23D /* Main.storyboard in Resources */ = {isa = PBXBuildFile; fileRef = 1B36D0FA1C697EE60011D23D /* Main.storyboard */; };
		1B36D0FE1C697EE60011D23D /* Assets.xcassets in Resources */ = {isa = PBXBuildFile; fileRef = 1B36D0FD1C697EE60011D23D /* Assets.xcassets */; };
		1B36D1011C697EE60011D23D /* LaunchScreen.storyboard in Resources */ = {isa = PBXBuildFile; fileRef = 1B36D0FF1C697EE60011D23D /* LaunchScreen.storyboard */; };
		1B36D10C1C697EE60011D23D /* FizzBizzTests.m in Sources */ = {isa = PBXBuildFile; fileRef = 1B36D10B1C697EE60011D23D /* FizzBizzTests.m */; };
		1B36D1171C697EE60011D23D /* FizzBizzUITests.m in Sources */ = {isa = PBXBuildFile; fileRef = 1B36D1161C697EE60011D23D /* FizzBizzUITests.m */; };
/* End PBXBuildFile section */

/* Begin PBXContainerItemProxy section */
		1B36D1081C697EE60011D23D /* PBXContainerItemProxy */ = {
			isa = PBXContainerItemProxy;
			containerPortal = 1B36D0E31C697EE60011D23D /* Project object */;
			proxyType = 1;
			remoteGlobalIDString = 1B36D0EA1C697EE60011D23D;
			remoteInfo = FizzBizz;
		};
		1B36D1131C697EE60011D23D /* PBXContainerItemProxy */ = {
			isa = PBXContainerItemProxy;
			containerPortal = 1B36D0E31C697EE60011D23D /* Project object */;
			proxyType = 1;
			remoteGlobalIDString = 1B36D0EA1C697EE60011D23D;
			remoteInfo = FizzBizz;
		};
/* End PBXContainerItemProxy section */

/* Begin PBXFileReference section */
		1B36D0EB1C697EE60011D23D /* FizzBizz.app */ = {isa = PBXFileReference; explicitFileType = wrapper.application; includeInIndex = 0; path = FizzBizz.app; sourceTree = BUILT_PRODUCTS_DIR; };
		1B36D0EF1C697EE60011D23D /* main.m */ = {isa = PBXFileReference; lastKnownFileType = sourcecode.c.objc; path = main.m; sourceTree = "<group>"; };
		1B36D0F11C697EE60011D23D /* AppDelegate.h */ = {isa = PBXFileReference; lastKnownFileType = sourcecode.c.h; path = AppDelegate.h; sourceTree = "<group>"; };
		1B36D0F21C697EE60011D23D /* AppDelegate.m */ = {isa = PBXFileReference; lastKnownFileType = sourcecode.c.objc; path = AppDelegate.m; sourceTree = "<group>"; };
		1B36D0F41C697EE60011D23D /* MasterViewController.h */ = {isa = PBXFileReference; lastKnownFileType = sourcecode.c.h; path = MasterViewController.h; sourceTree = "<group>"; };
		1B36D0F51C697EE60011D23D /* MasterViewController.m */ = {isa = PBXFileReference; lastKnownFileType = sourcecode.c.objc; path = MasterViewController.m; sourceTree = "<group>"; };
		1B36D0F71C697EE60011D23D /* DetailViewController.h */ = {isa = PBXFileReference; lastKnownFileType = sourcecode.c.h; path = DetailViewController.h; sourceTree = "<group>"; };
		1B36D0F81C697EE60011D23D /* DetailViewController.m */ = {isa = PBXFileReference; lastKnownFileType = sourcecode.c.objc; path = DetailViewController.m; sourceTree = "<group>"; };
		1B36D0FB1C697EE60011D23D /* Base */ = {isa = PBXFileReference; lastKnownFileType = file.storyboard; name = Base; path = Base.lproj/Main.storyboard; sourceTree = "<group>"; };
		1B36D0FD1C697EE60011D23D /* Assets.xcassets */ = {isa = PBXFileReference; lastKnownFileType = folder.assetcatalog; path = Assets.xcassets; sourceTree = "<group>"; };
		1B36D1001C697EE60011D23D /* Base */ = {isa = PBXFileReference; lastKnownFileType = file.storyboard; name = Base; path = Base.lproj/LaunchScreen.storyboard; sourceTree = "<group>"; };
		1B36D1021C697EE60011D23D /* Info.plist */ = {isa = PBXFileReference; lastKnownFileType = text.plist.xml; path = Info.plist; sourceTree = "<group>"; };
		1B36D1071C697EE60011D23D /* FizzBizzTests.xctest */ = {isa = PBXFileReference; explicitFileType = wrapper.cfbundle; includeInIndex = 0; path = FizzBizzTests.xctest; sourceTree = BUILT_PRODUCTS_DIR; };
		1B36D10B1C697EE60011D23D /* FizzBizzTests.m */ = {isa = PBXFileReference; lastKnownFileType = sourcecode.c.objc; path = FizzBizzTests.m; sourceTree = "<group>"; };
		1B36D10D1C697EE60011D23D /* Info.plist */ = {isa = PBXFileReference; lastKnownFileType = text.plist.xml; path = Info.plist; sourceTree = "<group>"; };
		1B36D1121C697EE60011D23D /* FizzBizzUITests.xctest */ = {isa = PBXFileReference; explicitFileType = wrapper.cfbundle; includeInIndex = 0; path = FizzBizzUITests.xctest; sourceTree = BUILT_PRODUCTS_DIR; };
		1B36D1161C697EE60011D23D /* FizzBizzUITests.m */ = {isa = PBXFileReference; lastKnownFileType = sourcecode.c.objc; path = FizzBizzUITests.m; sourceTree = "<group>"; };
		1B36D1181C697EE60011D23D /* Info.plist */ = {isa = PBXFileReference; lastKnownFileType = text.plist.xml; path = Info.plist; sourceTree = "<group>"; };
/* End PBXFileReference section */

/* Begin PBXFrameworksBuildPhase section */
		1B36D0E81C697EE60011D23D /* Frameworks */ = {
			isa = PBXFrameworksBuildPhase;
			buildActionMask = 2147483647;
			files = (
			);
			runOnlyForDeploymentPostprocessing = 0;
		};
		1B36D1041C697EE60011D23D /* Frameworks */ = {
			isa = PBXFrameworksBuildPhase;
			buildActionMask = 2147483647;
			files = (
			);
			runOnlyForDeploymentPostprocessing = 0;
		};
		1B36D10F1C697EE60011D23D /* Frameworks */ = {
			isa = PBXFrameworksBuildPhase;
			buildActionMask = 2147483647;
			files = (
			);
			runOnlyForDeploymentPostprocessing = 0;
		};
/* End PBXFrameworksBuildPhase section */

/* Begin PBXGroup section */
		1B36D0E21C697EE60011D23D = {
			isa = PBXGroup;
			children = (
				1B36D0ED1C697EE60011D23D /* FizzBizz */,
				1B36D10A1C697EE60011D23D /* FizzBizzTests */,
				1B36D1151C697EE60011D23D /* FizzBizzUITests */,
				1B36D0EC1C697EE60011D23D /* Products */,
			);
			sourceTree = "<group>";
		};
		1B36D0EC1C697EE60011D23D /* Products */ = {
			isa = PBXGroup;
			children = (
				1B36D0EB1C697EE60011D23D /* FizzBizz.app */,
				1B36D1071C697EE60011D23D /* FizzBizzTests.xctest */,
				1B36D1121C697EE60011D23D /* FizzBizzUITests.xctest */,
			);
			name = Products;
			sourceTree = "<group>";
		};
		1B36D0ED1C697EE60011D23D /* FizzBizz */ = {
			isa = PBXGroup;
			children = (
				1B36D0F11C697EE60011D23D /* AppDelegate.h */,
				1B36D0F21C697EE60011D23D /* AppDelegate.m */,
				1B36D0F41C697EE60011D23D /* MasterViewController.h */,
				1B36D0F51C697EE60011D23D /* MasterViewController.m */,
				1B36D0F71C697EE60011D23D /* DetailViewController.h */,
				1B36D0F81C697EE60011D23D /* DetailViewController.m */,
				1B36D0FA1C697EE60011D23D /* Main.storyboard */,
				1B36D0FD1C697EE60011D23D /* Assets.xcassets */,
				1B36D0FF1C697EE60011D23D /* LaunchScreen.storyboard */,
				1B36D1021C697EE60011D23D /* Info.plist */,
				1B36D0EE1C697EE60011D23D /* Supporting Files */,
			);
			path = FizzBizz;
			sourceTree = "<group>";
		};
		1B36D0EE1C697EE60011D23D /* Supporting Files */ = {
			isa = PBXGroup;
			children = (
				1B36D0EF1C697EE60011D23D /* main.m */,
			);
			name = "Supporting Files";
			sourceTree = "<group>";
		};
		1B36D10A1C697EE60011D23D /* FizzBizzTests */ = {
			isa = PBXGroup;
			children = (
				1B36D10B1C697EE60011D23D /* FizzBizzTests.m */,
				1B36D10D1C697EE60011D23D /* Info.plist */,
			);
			path = FizzBizzTests;
			sourceTree = "<group>";
		};
		1B36D1151C697EE60011D23D /* FizzBizzUITests */ = {
			isa = PBXGroup;
			children = (
				1B36D1161C697EE60011D23D /* FizzBizzUITests.m */,
				1B36D1181C697EE60011D23D /* Info.plist */,
			);
			path = FizzBizzUITests;
			sourceTree = "<group>";
		};
/* End PBXGroup section */

/* Begin PBXNativeTarget section */
		1B36D0EA1C697EE60011D23D /* FizzBizz */ = {
			isa = PBXNativeTarget;
			buildConfigurationList = 1B36D11B1C697EE60011D23D /* Build configuration list for PBXNativeTarget "FizzBizz" */;
			buildPhases = (
				1B36D0E71C697EE60011D23D /* Sources */,
				1B36D0E81C697EE60011D23D /* Frameworks */,
				1B36D0E91C697EE60011D23D /* Resources */,
			);
			buildRules = (
			);
			dependencies = (
			);
			name = FizzBizz;
			productName = FizzBizz;
			productReference = 1B36D0EB1C697EE60011D23D /* FizzBizz.app */;
			productType = "com.apple.product-type.application";
		};
		1B36D1061C697EE60011D23D /* FizzBizzTests */ = {
			isa = PBXNativeTarget;
			buildConfigurationList = 1B36D11E1C697EE60011D23D /* Build configuration list for PBXNativeTarget "FizzBizzTests" */;
			buildPhases = (
				1B36D1031C697EE60011D23D /* Sources */,
				1B36D1041C697EE60011D23D /* Frameworks */,
				1B36D1051C697EE60011D23D /* Resources */,
			);
			buildRules = (
			);
			dependencies = (
				1B36D1091C697EE60011D23D /* PBXTargetDependency */,
			);
			name = FizzBizzTests;
			productName = FizzBizzTests;
			productReference = 1B36D1071C697EE60011D23D /* FizzBizzTests.xctest */;
			productType = "com.apple.product-type.bundle.unit-test";
		};
		1B36D1111C697EE60011D23D /* FizzBizzUITests */ = {
			isa = PBXNativeTarget;
			buildConfigurationList = 1B36D1211C697EE60011D23D /* Build configuration list for PBXNativeTarget "FizzBizzUITests" */;
			buildPhases = (
				1B36D10E1C697EE60011D23D /* Sources */,
				1B36D10F1C697EE60011D23D /* Frameworks */,
				1B36D1101C697EE60011D23D /* Resources */,
			);
			buildRules = (
			);
			dependencies = (
				1B36D1141C697EE60011D23D /* PBXTargetDependency */,
			);
			name = FizzBizzUITests;
			productName = FizzBizzUITests;
			productReference = 1B36D1121C697EE60011D23D /* FizzBizzUITests.xctest */;
			productType = "com.apple.product-type.bundle.ui-testing";
		};
/* End PBXNativeTarget section */

/* Begin PBXProject section */
		1B36D0E31C697EE60011D23D /* Project object */ = {
			isa = PBXProject;
			attributes = {
				LastUpgradeCheck = 0720;
				ORGANIZATIONNAME = "Nelson Chow";
				TargetAttributes = {
					1B36D0EA1C697EE60011D23D = {
						CreatedOnToolsVersion = 7.2;
					};
					1B36D1061C697EE60011D23D = {
						CreatedOnToolsVersion = 7.2;
						TestTargetID = 1B36D0EA1C697EE60011D23D;
					};
					1B36D1111C697EE60011D23D = {
						CreatedOnToolsVersion = 7.2;
						TestTargetID = 1B36D0EA1C697EE60011D23D;
					};
				};
			};
			buildConfigurationList = 1B36D0E61C697EE60011D23D /* Build configuration list for PBXProject "FizzBizz" */;
			compatibilityVersion = "Xcode 3.2";
			developmentRegion = English;
			hasScannedForEncodings = 0;
			knownRegions = (
				en,
				Base,
			);
			mainGroup = 1B36D0E21C697EE60011D23D;
			productRefGroup = 1B36D0EC1C697EE60011D23D /* Products */;
			projectDirPath = "";
			projectRoot = "";
			targets = (
				1B36D0EA1C697EE60011D23D /* FizzBizz */,
				1B36D1061C697EE60011D23D /* FizzBizzTests */,
				1B36D1111C697EE60011D23D /* FizzBizzUITests */,
			);
		};
/* End PBXProject section */

/* Begin PBXResourcesBuildPhase section */
		1B36D0E91C697EE60011D23D /* Resources */ = {
			isa = PBXResourcesBuildPhase;
			buildActionMask = 2147483647;
			files = (
				1B36D1011C697EE60011D23D /* LaunchScreen.storyboard in Resources */,
				1B36D0FE1C697EE60011D23D /* Assets.xcassets in Resources */,
				1B36D0FC1C697EE60011D23D /* Main.storyboard in Resources */,
			);
			runOnlyForDeploymentPostprocessing = 0;
		};
		1B36D1051C697EE60011D23D /* Resources */ = {
			isa = PBXResourcesBuildPhase;
			buildActionMask = 2147483647;
			files = (
			);
			runOnlyForDeploymentPostprocessing = 0;
		};
		1B36D1101C697EE60011D23D /* Resources */ = {
			isa = PBXResourcesBuildPhase;
			buildActionMask = 2147483647;
			files = (
			);
			runOnlyForDeploymentPostprocessing = 0;
		};
/* End PBXResourcesBuildPhase section */

/* Begin PBXSourcesBuildPhase section */
		1B36D0E71C697EE60011D23D /* Sources */ = {
			isa = PBXSourcesBuildPhase;
			buildActionMask = 2147483647;
			files = (
				1B36D0F31C697EE60011D23D /* AppDelegate.m in Sources */,
				1B36D0F61C697EE60011D23D /* MasterViewController.m in Sources */,
				1B36D0F01C697EE60011D23D /* main.m in Sources */,
				1B36D0F91C697EE60011D23D /* DetailViewController.m in Sources */,
			);
			runOnlyForDeploymentPostprocessing = 0;
		};
		1B36D1031C697EE60011D23D /* Sources */ = {
			isa = PBXSourcesBuildPhase;
			buildActionMask = 2147483647;
			files = (
				1B36D10C1C697EE60011D23D /* FizzBizzTests.m in Sources */,
			);
			runOnlyForDeploymentPostprocessing = 0;
		};
		1B36D10E1C697EE60011D23D /* Sources */ = {
			isa = PBXSourcesBuildPhase;
			buildActionMask = 2147483647;
			files = (
				1B36D1171C697EE60011D23D /* FizzBizzUITests.m in Sources */,
			);
			runOnlyForDeploymentPostprocessing = 0;
		};
/* End PBXSourcesBuildPhase section */

/* Begin PBXTargetDependency section */
		1B36D1091C697EE60011D23D /* PBXTargetDependency */ = {
			isa = PBXTargetDependency;
			target = 1B36D0EA1C697EE60011D23D /* FizzBizz */;
			targetProxy = 1B36D1081C697EE60011D23D /* PBXContainerItemProxy */;
		};
		1B36D1141C697EE60011D23D /* PBXTargetDependency */ = {
			isa = PBXTargetDependency;
			target = 1B36D0EA1C697EE60011D23D /* FizzBizz */;
			targetProxy = 1B36D1131C697EE60011D23D /* PBXContainerItemProxy */;
		};
/* End PBXTargetDependency section */

/* Begin PBXVariantGroup section */
		1B36D0FA1C697EE60011D23D /* Main.storyboard */ = {
			isa = PBXVariantGroup;
			children = (
				1B36D0FB1C697EE60011D23D /* Base */,
			);
			name = Main.storyboard;
			sourceTree = "<group>";
		};
		1B36D0FF1C697EE60011D23D /* LaunchScreen.storyboard */ = {
			isa = PBXVariantGroup;
			children = (
				1B36D1001C697EE60011D23D /* Base */,
			);
			name = LaunchScreen.storyboard;
			sourceTree = "<group>";
		};
/* End PBXVariantGroup section */

/* Begin XCBuildConfiguration section */
		1B36D1191C697EE60011D23D /* Debug */ = {
			isa = XCBuildConfiguration;
			buildSettings = {
				ALWAYS_SEARCH_USER_PATHS = NO;
				CLANG_CXX_LANGUAGE_STANDARD = "gnu++0x";
				CLANG_CXX_LIBRARY = "libc++";
				CLANG_ENABLE_MODULES = YES;
				CLANG_ENABLE_OBJC_ARC = YES;
				CLANG_WARN_BOOL_CONVERSION = YES;
				CLANG_WARN_CONSTANT_CONVERSION = YES;
				CLANG_WARN_DIRECT_OBJC_ISA_USAGE = YES_ERROR;
				CLANG_WARN_EMPTY_BODY = YES;
				CLANG_WARN_ENUM_CONVERSION = YES;
				CLANG_WARN_INT_CONVERSION = YES;
				CLANG_WARN_OBJC_ROOT_CLASS = YES_ERROR;
				CLANG_WARN_UNREACHABLE_CODE = YES;
				CLANG_WARN__DUPLICATE_METHOD_MATCH = YES;
				"CODE_SIGN_IDENTITY[sdk=iphoneos*]" = "iPhone Developer";
				COPY_PHASE_STRIP = NO;
				DEBUG_INFORMATION_FORMAT = dwarf;
				ENABLE_STRICT_OBJC_MSGSEND = YES;
				ENABLE_TESTABILITY = YES;
				GCC_C_LANGUAGE_STANDARD = gnu99;
				GCC_DYNAMIC_NO_PIC = NO;
				GCC_NO_COMMON_BLOCKS = YES;
				GCC_OPTIMIZATION_LEVEL = 0;
				GCC_PREPROCESSOR_DEFINITIONS = (
					"DEBUG=1",
					"$(inherited)",
				);
				GCC_WARN_64_TO_32_BIT_CONVERSION = YES;
				GCC_WARN_ABOUT_RETURN_TYPE = YES_ERROR;
				GCC_WARN_UNDECLARED_SELECTOR = YES;
				GCC_WARN_UNINITIALIZED_AUTOS = YES_AGGRESSIVE;
				GCC_WARN_UNUSED_FUNCTION = YES;
				GCC_WARN_UNUSED_VARIABLE = YES;
				IPHONEOS_DEPLOYMENT_TARGET = 9.2;
				MTL_ENABLE_DEBUG_INFO = YES;
				ONLY_ACTIVE_ARCH = YES;
				SDKROOT = iphoneos;
				TARGETED_DEVICE_FAMILY = "1,2";
			};
			name = Debug;
		};
		1B36D11A1C697EE60011D23D /* Release */ = {
			isa = XCBuildConfiguration;
			buildSettings = {
				ALWAYS_SEARCH_USER_PATHS = NO;
				CLANG_CXX_LANGUAGE_STANDARD = "gnu++0x";
				CLANG_CXX_LIBRARY = "libc++";
				CLANG_ENABLE_MODULES = YES;
				CLANG_ENABLE_OBJC_ARC = YES;
				CLANG_WARN_BOOL_CONVERSION = YES;
				CLANG_WARN_CONSTANT_CONVERSION = YES;
				CLANG_WARN_DIRECT_OBJC_ISA_USAGE = YES_ERROR;
				CLANG_WARN_EMPTY_BODY = YES;
				CLANG_WARN_ENUM_CONVERSION = YES;
				CLANG_WARN_INT_CONVERSION = YES;
				CLANG_WARN_OBJC_ROOT_CLASS = YES_ERROR;
				CLANG_WARN_UNREACHABLE_CODE = YES;
				CLANG_WARN__DUPLICATE_METHOD_MATCH = YES;
				"CODE_SIGN_IDENTITY[sdk=iphoneos*]" = "iPhone Developer";
				COPY_PHASE_STRIP = NO;
				DEBUG_INFORMATION_FORMAT = "dwarf-with-dsym";
				ENABLE_NS_ASSERTIONS = NO;
				ENABLE_STRICT_OBJC_MSGSEND = YES;
				GCC_C_LANGUAGE_STANDARD = gnu99;
				GCC_NO_COMMON_BLOCKS = YES;
				GCC_WARN_64_TO_32_BIT_CONVERSION = YES;
				GCC_WARN_ABOUT_RETURN_TYPE = YES_ERROR;
				GCC_WARN_UNDECLARED_SELECTOR = YES;
				GCC_WARN_UNINITIALIZED_AUTOS = YES_AGGRESSIVE;
				GCC_WARN_UNUSED_FUNCTION = YES;
				GCC_WARN_UNUSED_VARIABLE = YES;
				IPHONEOS_DEPLOYMENT_TARGET = 9.2;
				MTL_ENABLE_DEBUG_INFO = NO;
				SDKROOT = iphoneos;
				TARGETED_DEVICE_FAMILY = "1,2";
				VALIDATE_PRODUCT = YES;
			};
			name = Release;
		};
		1B36D11C1C697EE60011D23D /* Debug */ = {
			isa = XCBuildConfiguration;
			buildSettings = {
				ASSETCATALOG_COMPILER_APPICON_NAME = AppIcon;
				INFOPLIST_FILE = FizzBizz/Info.plist;
				LD_RUNPATH_SEARCH_PATHS = "$(inherited) @executable_path/Frameworks";
				PRODUCT_BUNDLE_IDENTIFIER = nc.FizzBizz;
				PRODUCT_NAME = "$(TARGET_NAME)";
			};
			name = Debug;
		};
		1B36D11D1C697EE60011D23D /* Release */ = {
			isa = XCBuildConfiguration;
			buildSettings = {
				ASSETCATALOG_COMPILER_APPICON_NAME = AppIcon;
				INFOPLIST_FILE = FizzBizz/Info.plist;
				LD_RUNPATH_SEARCH_PATHS = "$(inherited) @executable_path/Frameworks";
				PRODUCT_BUNDLE_IDENTIFIER = nc.FizzBizz;
				PRODUCT_NAME = "$(TARGET_NAME)";
			};
			name = Release;
		};
		1B36D11F1C697EE60011D23D /* Debug */ = {
			isa = XCBuildConfiguration;
			buildSettings = {
				BUNDLE_LOADER = "$(TEST_HOST)";
				INFOPLIST_FILE = FizzBizzTests/Info.plist;
				LD_RUNPATH_SEARCH_PATHS = "$(inherited) @executable_path/Frameworks @loader_path/Frameworks";
				PRODUCT_BUNDLE_IDENTIFIER = nc.FizzBizzTests;
				PRODUCT_NAME = "$(TARGET_NAME)";
				TEST_HOST = "$(BUILT_PRODUCTS_DIR)/FizzBizz.app/FizzBizz";
			};
			name = Debug;
		};
		1B36D1201C697EE60011D23D /* Release */ = {
			isa = XCBuildConfiguration;
			buildSettings = {
				BUNDLE_LOADER = "$(TEST_HOST)";
				INFOPLIST_FILE = FizzBizzTests/Info.plist;
				LD_RUNPATH_SEARCH_PATHS = "$(inherited) @executable_path/Frameworks @loader_path/Frameworks";
				PRODUCT_BUNDLE_IDENTIFIER = nc.FizzBizzTests;
				PRODUCT_NAME = "$(TARGET_NAME)";
				TEST_HOST = "$(BUILT_PRODUCTS_DIR)/FizzBizz.app/FizzBizz";
			};
			name = Release;
		};
		1B36D1221C697EE60011D23D /* Debug */ = {
			isa = XCBuildConfiguration;
			buildSettings = {
				INFOPLIST_FILE = FizzBizzUITests/Info.plist;
				LD_RUNPATH_SEARCH_PATHS = "$(inherited) @executable_path/Frameworks @loader_path/Frameworks";
				PRODUCT_BUNDLE_IDENTIFIER = nc.FizzBizzUITests;
				PRODUCT_NAME = "$(TARGET_NAME)";
				TEST_TARGET_NAME = FizzBizz;
				USES_XCTRUNNER = YES;
			};
			name = Debug;
		};
		1B36D1231C697EE60011D23D /* Release */ = {
			isa = XCBuildConfiguration;
			buildSettings = {
				INFOPLIST_FILE = FizzBizzUITests/Info.plist;
				LD_RUNPATH_SEARCH_PATHS = "$(inherited) @executable_path/Frameworks @loader_path/Frameworks";
				PRODUCT_BUNDLE_IDENTIFIER = nc.FizzBizzUITests;
				PRODUCT_NAME = "$(TARGET_NAME)";
				TEST_TARGET_NAME = FizzBizz;
				USES_XCTRUNNER = YES;
			};
			name = Release;
		};
/* End XCBuildConfiguration section */

/* Begin XCConfigurationList section */
		1B36D0E61C697EE60011D23D /* Build configuration list for PBXProject "FizzBizz" */ = {
			isa = XCConfigurationList;
			buildConfigurations = (
				1B36D1191C697EE60011D23D /* Debug */,
				1B36D11A1C697EE60011D23D /* Release */,
			);
			defaultConfigurationIsVisible = 0;
			defaultConfigurationName = Release;
		};
		1B36D11B1C697EE60011D23D /* Build configuration list for PBXNativeTarget "FizzBizz" */ = {
			isa = XCConfigurationList;
			buildConfigurations = (
				1B36D11C1C697EE60011D23D /* Debug */,
				1B36D11D1C697EE60011D23D /* Release */,
			);
			defaultConfigurationIsVisible = 0;
		};
		1B36D11E1C697EE60011D23D /* Build configuration list for PBXNativeTarget "FizzBizzTests" */ = {
			isa = XCConfigurationList;
			buildConfigurations = (
				1B36D11F1C697EE60011D23D /* Debug */,
				1B36D1201C697EE60011D23D /* Release */,
			);
			defaultConfigurationIsVisible = 0;
		};
		1B36D1211C697EE60011D23D /* Build configuration list for PBXNativeTarget "FizzBizzUITests" */ = {
			isa = XCConfigurationList;
			buildConfigurations = (
				1B36D1221C697EE60011D23D /* Debug */,
				1B36D1231C697EE60011D23D /* Release */,
			);
			defaultConfigurationIsVisible = 0;
		};
/* End XCConfigurationList section */
	};
	rootObject = 1B36D0E31C697EE60011D23D /* Project object */;
}
